
Microsoft Visual Studio Solution File, Format Version 12.00
# Visual Studio Version 16
VisualStudioVersion = 16.0.31729.503
MinimumVisualStudioVersion = 10.0.40219.1
Project("{888888A0-9F3D-457C-B088-3A5042F75D52}") = "test1", "test1\test1.pyproj", "{EF15A376-38E3-413A-A1CE-0EB1CC9A3559}"
EndProject
Global
	GlobalSection(SolutionConfigurationPlatforms) = preSolution
		Debug|Any CPU = Debug|Any CPU
		Release|Any CPU = Release|Any CPU
	EndGlobalSection
	GlobalSection(ProjectConfigurationPlatforms) = postSolution
		{EF15A376-38E3-413A-A1CE-0EB1CC9A3559}.Debug|Any CPU.ActiveCfg = Debug|Any CPU
		{EF15A376-38E3-413A-A1CE-0EB1CC9A3559}.Release|Any CPU.ActiveCfg = Release|Any CPU
	EndGlobalSection
	GlobalSection(SolutionProperties) = preSolution
		HideSolutionNode = FALSE
	EndGlobalSection
	GlobalSection(ExtensibilityGlobals) = postSolution
		SolutionGuid = {D6EA3B08-B4B4-4838-B010-8501E131ACFF}
	EndGlobalSection
EndGlobal
